// !$*UTF8*$!
{
	archiveVersion = 1;
	classes = {
	};
	objectVersion = 46;
	objects = {

/* Begin PBXBuildFile section */
		C001E9D61F7CDEA5007E6867 /* CourseTableHeaderView.swift in Sources */ = {isa = PBXBuildFile; fileRef = C001E9D51F7CDEA5007E6867 /* CourseTableHeaderView.swift */; };
		C001E9D81F7E1B76007E6867 /* CourseTableView.swift in Sources */ = {isa = PBXBuildFile; fileRef = C001E9D71F7E1B76007E6867 /* CourseTableView.swift */; };
		C0143DAF1FBB42CC006FD4FF /* CourseSelectionDataSource.swift in Sources */ = {isa = PBXBuildFile; fileRef = C0143DAE1FBB42CC006FD4FF /* CourseSelectionDataSource.swift */; };
		C01A52F81F789F2D0020A83C /* AppDelegate.swift in Sources */ = {isa = PBXBuildFile; fileRef = C01A52F71F789F2D0020A83C /* AppDelegate.swift */; };
		C01A52FA1F789F2D0020A83C /* CourseTableViewController.swift in Sources */ = {isa = PBXBuildFile; fileRef = C01A52F91F789F2D0020A83C /* CourseTableViewController.swift */; };
		C01A52FC1F789F2D0020A83C /* TeachersViewController.swift in Sources */ = {isa = PBXBuildFile; fileRef = C01A52FB1F789F2D0020A83C /* TeachersViewController.swift */; };
		C01A52FF1F789F2D0020A83C /* Main.storyboard in Resources */ = {isa = PBXBuildFile; fileRef = C01A52FD1F789F2D0020A83C /* Main.storyboard */; };
		C01A53011F789F2D0020A83C /* Assets.xcassets in Resources */ = {isa = PBXBuildFile; fileRef = C01A53001F789F2D0020A83C /* Assets.xcassets */; };
		C01A53041F789F2D0020A83C /* LaunchScreen.storyboard in Resources */ = {isa = PBXBuildFile; fileRef = C01A53021F789F2D0020A83C /* LaunchScreen.storyboard */; };
		C01A530E1F78A1C20020A83C /* SchoolCourseCell.swift in Sources */ = {isa = PBXBuildFile; fileRef = C01A530D1F78A1C20020A83C /* SchoolCourseCell.swift */; };
		C01A53101F78A4180020A83C /* CourseTableLayout.swift in Sources */ = {isa = PBXBuildFile; fileRef = C01A530F1F78A4180020A83C /* CourseTableLayout.swift */; };
		C01DB93A1FA86D05006A4090 /* TeacherDetailController.swift in Sources */ = {isa = PBXBuildFile; fileRef = C01DB9391FA86D05006A4090 /* TeacherDetailController.swift */; };
		C059F9F71FC128F1006B37E5 /* CourseTableOfTeacher.swift in Sources */ = {isa = PBXBuildFile; fileRef = C059F9F61FC128F1006B37E5 /* CourseTableOfTeacher.swift */; };
		C059F9F91FC15828006B37E5 /* PersonalCourseTableLayout.swift in Sources */ = {isa = PBXBuildFile; fileRef = C059F9F81FC15828006B37E5 /* PersonalCourseTableLayout.swift */; };
		C08B89FE1FB0379D007D07DA /* TeacherDetailScheduleCell.swift in Sources */ = {isa = PBXBuildFile; fileRef = C08B89FD1FB0379D007D07DA /* TeacherDetailScheduleCell.swift */; };
		C08B8A021FB04872007D07DA /* CourseTableDataSource.swift in Sources */ = {isa = PBXBuildFile; fileRef = C08B8A011FB04872007D07DA /* CourseTableDataSource.swift */; };
		C08B8A061FB14DD1007D07DA /* DataStructure.swift in Sources */ = {isa = PBXBuildFile; fileRef = C08B8A051FB14DD1007D07DA /* DataStructure.swift */; };
		C08B8A091FB2A569007D07DA /* ModelController.swift in Sources */ = {isa = PBXBuildFile; fileRef = C08B8A081FB2A569007D07DA /* ModelController.swift */; };
		C08CBAC91F8F80BA00333532 /* TeacherEditorController.swift in Sources */ = {isa = PBXBuildFile; fileRef = C08CBAC81F8F80BA00333532 /* TeacherEditorController.swift */; };
		C0F32DE11F7B9C440024226B /* Model.swift in Sources */ = {isa = PBXBuildFile; fileRef = C0F32DE01F7B9C440024226B /* Model.swift */; };
		C0F32DE31F7B9E4C0024226B /* TeacherCell.swift in Sources */ = {isa = PBXBuildFile; fileRef = C0F32DE21F7B9E4C0024226B /* TeacherCell.swift */; };
/* End PBXBuildFile section */

/* Begin PBXFileReference section */
		C001E9D51F7CDEA5007E6867 /* CourseTableHeaderView.swift */ = {isa = PBXFileReference; lastKnownFileType = sourcecode.swift; path = CourseTableHeaderView.swift; sourceTree = "<group>"; };
		C001E9D71F7E1B76007E6867 /* CourseTableView.swift */ = {isa = PBXFileReference; lastKnownFileType = sourcecode.swift; path = CourseTableView.swift; sourceTree = "<group>"; };
		C0143DAE1FBB42CC006FD4FF /* CourseSelectionDataSource.swift */ = {isa = PBXFileReference; lastKnownFileType = sourcecode.swift; path = CourseSelectionDataSource.swift; sourceTree = "<group>"; };
		C01A52F41F789F2D0020A83C /* SchoolCourseTable.app */ = {isa = PBXFileReference; explicitFileType = wrapper.application; includeInIndex = 0; path = SchoolCourseTable.app; sourceTree = BUILT_PRODUCTS_DIR; };
		C01A52F71F789F2D0020A83C /* AppDelegate.swift */ = {isa = PBXFileReference; lastKnownFileType = sourcecode.swift; path = AppDelegate.swift; sourceTree = "<group>"; };
		C01A52F91F789F2D0020A83C /* CourseTableViewController.swift */ = {isa = PBXFileReference; lastKnownFileType = sourcecode.swift; path = CourseTableViewController.swift; sourceTree = "<group>"; };
		C01A52FB1F789F2D0020A83C /* TeachersViewController.swift */ = {isa = PBXFileReference; lastKnownFileType = sourcecode.swift; path = TeachersViewController.swift; sourceTree = "<group>"; };
		C01A52FE1F789F2D0020A83C /* Base */ = {isa = PBXFileReference; lastKnownFileType = file.storyboard; name = Base; path = Base.lproj/Main.storyboard; sourceTree = "<group>"; };
		C01A53001F789F2D0020A83C /* Assets.xcassets */ = {isa = PBXFileReference; lastKnownFileType = folder.assetcatalog; path = Assets.xcassets; sourceTree = "<group>"; };
		C01A53031F789F2D0020A83C /* Base */ = {isa = PBXFileReference; lastKnownFileType = file.storyboard; name = Base; path = Base.lproj/LaunchScreen.storyboard; sourceTree = "<group>"; };
		C01A53051F789F2D0020A83C /* Info.plist */ = {isa = PBXFileReference; lastKnownFileType = text.plist.xml; path = Info.plist; sourceTree = "<group>"; };
		C01A530D1F78A1C20020A83C /* SchoolCourseCell.swift */ = {isa = PBXFileReference; fileEncoding = 4; lastKnownFileType = sourcecode.swift; path = SchoolCourseCell.swift; sourceTree = "<group>"; };
		C01A530F1F78A4180020A83C /* CourseTableLayout.swift */ = {isa = PBXFileReference; fileEncoding = 4; lastKnownFileType = sourcecode.swift; path = CourseTableLayout.swift; sourceTree = "<group>"; };
		C01DB9391FA86D05006A4090 /* TeacherDetailController.swift */ = {isa = PBXFileReference; lastKnownFileType = sourcecode.swift; path = TeacherDetailController.swift; sourceTree = "<group>"; };
		C059F9F61FC128F1006B37E5 /* CourseTableOfTeacher.swift */ = {isa = PBXFileReference; lastKnownFileType = sourcecode.swift; path = CourseTableOfTeacher.swift; sourceTree = "<group>"; };
		C059F9F81FC15828006B37E5 /* PersonalCourseTableLayout.swift */ = {isa = PBXFileReference; lastKnownFileType = sourcecode.swift; path = PersonalCourseTableLayout.swift; sourceTree = "<group>"; };
		C08B89FD1FB0379D007D07DA /* TeacherDetailScheduleCell.swift */ = {isa = PBXFileReference; lastKnownFileType = sourcecode.swift; path = TeacherDetailScheduleCell.swift; sourceTree = "<group>"; };
		C08B8A011FB04872007D07DA /* CourseTableDataSource.swift */ = {isa = PBXFileReference; lastKnownFileType = sourcecode.swift; name = CourseTableDataSource.swift; path = "SchoolCourseTable/New Group/CourseTableDataSource.swift"; sourceTree = SOURCE_ROOT; };
		C08B8A051FB14DD1007D07DA /* DataStructure.swift */ = {isa = PBXFileReference; lastKnownFileType = sourcecode.swift; path = DataStructure.swift; sourceTree = "<group>"; };
		C08B8A081FB2A569007D07DA /* ModelController.swift */ = {isa = PBXFileReference; lastKnownFileType = sourcecode.swift; path = ModelController.swift; sourceTree = "<group>"; };
		C08CBAC81F8F80BA00333532 /* TeacherEditorController.swift */ = {isa = PBXFileReference; lastKnownFileType = sourcecode.swift; path = TeacherEditorController.swift; sourceTree = "<group>"; };
		C0F32DE01F7B9C440024226B /* Model.swift */ = {isa = PBXFileReference; lastKnownFileType = sourcecode.swift; path = Model.swift; sourceTree = "<group>"; };
		C0F32DE21F7B9E4C0024226B /* TeacherCell.swift */ = {isa = PBXFileReference; lastKnownFileType = sourcecode.swift; path = TeacherCell.swift; sourceTree = "<group>"; };
/* End PBXFileReference section */

/* Begin PBXFrameworksBuildPhase section */
		C01A52F11F789F2D0020A83C /* Frameworks */ = {
			isa = PBXFrameworksBuildPhase;
			buildActionMask = 2147483647;
			files = (
			);
			runOnlyForDeploymentPostprocessing = 0;
		};
/* End PBXFrameworksBuildPhase section */

/* Begin PBXGroup section */
		C01A52EB1F789F2D0020A83C = {
			isa = PBXGroup;
			children = (
				C01A52F61F789F2D0020A83C /* SchoolCourseTable */,
				C01A52F51F789F2D0020A83C /* Products */,
			);
			sourceTree = "<group>";
		};
		C01A52F51F789F2D0020A83C /* Products */ = {
			isa = PBXGroup;
			children = (
				C01A52F41F789F2D0020A83C /* SchoolCourseTable.app */,
			);
			name = Products;
			sourceTree = "<group>";
		};
		C01A52F61F789F2D0020A83C /* SchoolCourseTable */ = {
			isa = PBXGroup;
			children = (
				C059F9F51FBEB599006B37E5 /* ModelController */,
				C09E98531FAB3A13002F9282 /* ViewController */,
				C062CDF11FBD2C6B00F88999 /* DataSource */,
				C08B8A071FB14DE5007D07DA /* Util */,
				C09E98521FAB39E4002F9282 /* Model */,
				C09E98541FAB3A31002F9282 /* View */,
				C09E98551FAB3A40002F9282 /* Layout */,
				C01A52F71F789F2D0020A83C /* AppDelegate.swift */,
				C01A52FD1F789F2D0020A83C /* Main.storyboard */,
				C01A53021F789F2D0020A83C /* LaunchScreen.storyboard */,
				C01A53001F789F2D0020A83C /* Assets.xcassets */,
				C01A53051F789F2D0020A83C /* Info.plist */,
			);
			path = SchoolCourseTable;
			sourceTree = "<group>";
		};
		C059F9F51FBEB599006B37E5 /* ModelController */ = {
			isa = PBXGroup;
			children = (
				C08B8A081FB2A569007D07DA /* ModelController.swift */,
			);
			path = ModelController;
			sourceTree = "<group>";
		};
		C062CDF11FBD2C6B00F88999 /* DataSource */ = {
			isa = PBXGroup;
			children = (
				C08B8A011FB04872007D07DA /* CourseTableDataSource.swift */,
				C059F9F61FC128F1006B37E5 /* CourseTableOfTeacher.swift */,
				C0143DAE1FBB42CC006FD4FF /* CourseSelectionDataSource.swift */,
			);
			name = DataSource;
			path = "New Group";
			sourceTree = "<group>";
		};
		C08B8A071FB14DE5007D07DA /* Util */ = {
			isa = PBXGroup;
			children = (
				C08B8A051FB14DD1007D07DA /* DataStructure.swift */,
			);
			path = Util;
			sourceTree = "<group>";
		};
		C09E98521FAB39E4002F9282 /* Model */ = {
			isa = PBXGroup;
			children = (
				C0F32DE01F7B9C440024226B /* Model.swift */,
			);
			path = Model;
			sourceTree = "<group>";
		};
		C09E98531FAB3A13002F9282 /* ViewController */ = {
			isa = PBXGroup;
			children = (
				C01A52F91F789F2D0020A83C /* CourseTableViewController.swift */,
				C01A52FB1F789F2D0020A83C /* TeachersViewController.swift */,
				C08CBAC81F8F80BA00333532 /* TeacherEditorController.swift */,
				C01DB9391FA86D05006A4090 /* TeacherDetailController.swift */,
			);
			path = ViewController;
			sourceTree = "<group>";
		};
		C09E98541FAB3A31002F9282 /* View */ = {
			isa = PBXGroup;
			children = (
				C0F32DE21F7B9E4C0024226B /* TeacherCell.swift */,
				C01A530D1F78A1C20020A83C /* SchoolCourseCell.swift */,
				C001E9D51F7CDEA5007E6867 /* CourseTableHeaderView.swift */,
				C08B89FD1FB0379D007D07DA /* TeacherDetailScheduleCell.swift */,
				C001E9D71F7E1B76007E6867 /* CourseTableView.swift */,
			);
			path = View;
			sourceTree = "<group>";
		};
		C09E98551FAB3A40002F9282 /* Layout */ = {
			isa = PBXGroup;
			children = (
				C01A530F1F78A4180020A83C /* CourseTableLayout.swift */,
				C059F9F81FC15828006B37E5 /* PersonalCourseTableLayout.swift */,
			);
			path = Layout;
			sourceTree = "<group>";
		};
/* End PBXGroup section */

/* Begin PBXNativeTarget section */
		C01A52F31F789F2D0020A83C /* SchoolCourseTable */ = {
			isa = PBXNativeTarget;
			buildConfigurationList = C01A53081F789F2E0020A83C /* Build configuration list for PBXNativeTarget "SchoolCourseTable" */;
			buildPhases = (
				C01A52F01F789F2D0020A83C /* Sources */,
				C01A52F11F789F2D0020A83C /* Frameworks */,
				C01A52F21F789F2D0020A83C /* Resources */,
			);
			buildRules = (
			);
			dependencies = (
			);
			name = SchoolCourseTable;
			productName = SchoolCourseTable;
			productReference = C01A52F41F789F2D0020A83C /* SchoolCourseTable.app */;
			productType = "com.apple.product-type.application";
		};
/* End PBXNativeTarget section */

/* Begin PBXProject section */
		C01A52EC1F789F2D0020A83C /* Project object */ = {
			isa = PBXProject;
			attributes = {
				LastSwiftUpdateCheck = 0830;
				LastUpgradeCheck = 0900;
				ORGANIZATIONNAME = partrick;
				TargetAttributes = {
					C01A52F31F789F2D0020A83C = {
						CreatedOnToolsVersion = 8.3;
						DevelopmentTeam = GD7J2EY34Y;
						LastSwiftMigration = 0900;
						ProvisioningStyle = Automatic;
					};
				};
			};
			buildConfigurationList = C01A52EF1F789F2D0020A83C /* Build configuration list for PBXProject "SchoolCourseTable" */;
			compatibilityVersion = "Xcode 3.2";
			developmentRegion = English;
			hasScannedForEncodings = 0;
			knownRegions = (
				en,
				Base,
			);
			mainGroup = C01A52EB1F789F2D0020A83C;
			productRefGroup = C01A52F51F789F2D0020A83C /* Products */;
			projectDirPath = "";
			projectRoot = "";
			targets = (
				C01A52F31F789F2D0020A83C /* SchoolCourseTable */,
			);
		};
/* End PBXProject section */

/* Begin PBXResourcesBuildPhase section */
		C01A52F21F789F2D0020A83C /* Resources */ = {
			isa = PBXResourcesBuildPhase;
			buildActionMask = 2147483647;
			files = (
				C01A53041F789F2D0020A83C /* LaunchScreen.storyboard in Resources */,
				C01A53011F789F2D0020A83C /* Assets.xcassets in Resources */,
				C01A52FF1F789F2D0020A83C /* Main.storyboard in Resources */,
			);
			runOnlyForDeploymentPostprocessing = 0;
		};
/* End PBXResourcesBuildPhase section */

/* Begin PBXSourcesBuildPhase section */
		C01A52F01F789F2D0020A83C /* Sources */ = {
			isa = PBXSourcesBuildPhase;
			buildActionMask = 2147483647;
			files = (
				C01A530E1F78A1C20020A83C /* SchoolCourseCell.swift in Sources */,
				C08B8A091FB2A569007D07DA /* ModelController.swift in Sources */,
				C08B8A061FB14DD1007D07DA /* DataStructure.swift in Sources */,
				C01A52FC1F789F2D0020A83C /* TeachersViewController.swift in Sources */,
				C01A52F81F789F2D0020A83C /* AppDelegate.swift in Sources */,
				C001E9D61F7CDEA5007E6867 /* CourseTableHeaderView.swift in Sources */,
				C0F32DE11F7B9C440024226B /* Model.swift in Sources */,
				C0143DAF1FBB42CC006FD4FF /* CourseSelectionDataSource.swift in Sources */,
				C01DB93A1FA86D05006A4090 /* TeacherDetailController.swift in Sources */,
				C001E9D81F7E1B76007E6867 /* CourseTableView.swift in Sources */,
				C01A53101F78A4180020A83C /* CourseTableLayout.swift in Sources */,
				C08CBAC91F8F80BA00333532 /* TeacherEditorController.swift in Sources */,
				C01A52FA1F789F2D0020A83C /* CourseTableViewController.swift in Sources */,
				C08B89FE1FB0379D007D07DA /* TeacherDetailScheduleCell.swift in Sources */,
				C059F9F71FC128F1006B37E5 /* CourseTableOfTeacher.swift in Sources */,
				C0F32DE31F7B9E4C0024226B /* TeacherCell.swift in Sources */,
				C059F9F91FC15828006B37E5 /* PersonalCourseTableLayout.swift in Sources */,
				C08B8A021FB04872007D07DA /* CourseTableDataSource.swift in Sources */,
			);
			runOnlyForDeploymentPostprocessing = 0;
		};
/* End PBXSourcesBuildPhase section */

/* Begin PBXVariantGroup section */
		C01A52FD1F789F2D0020A83C /* Main.storyboard */ = {
			isa = PBXVariantGroup;
			children = (
				C01A52FE1F789F2D0020A83C /* Base */,
			);
			name = Main.storyboard;
			sourceTree = "<group>";
		};
		C01A53021F789F2D0020A83C /* LaunchScreen.storyboard */ = {
			isa = PBXVariantGroup;
			children = (
				C01A53031F789F2D0020A83C /* Base */,
			);
			name = LaunchScreen.storyboard;
			sourceTree = "<group>";
		};
/* End PBXVariantGroup section */

/* Begin XCBuildConfiguration section */
		C01A53061F789F2D0020A83C /* Debug */ = {
			isa = XCBuildConfiguration;
			buildSettings = {
				ALWAYS_SEARCH_USER_PATHS = NO;
				CLANG_ANALYZER_NONNULL = YES;
				CLANG_ANALYZER_NUMBER_OBJECT_CONVERSION = YES_AGGRESSIVE;
				CLANG_CXX_LANGUAGE_STANDARD = "gnu++0x";
				CLANG_CXX_LIBRARY = "libc++";
				CLANG_ENABLE_MODULES = YES;
				CLANG_ENABLE_OBJC_ARC = YES;
				CLANG_WARN_BLOCK_CAPTURE_AUTORELEASING = YES;
				CLANG_WARN_BOOL_CONVERSION = YES;
				CLANG_WARN_COMMA = YES;
				CLANG_WARN_CONSTANT_CONVERSION = YES;
				CLANG_WARN_DIRECT_OBJC_ISA_USAGE = YES_ERROR;
				CLANG_WARN_DOCUMENTATION_COMMENTS = YES;
				CLANG_WARN_EMPTY_BODY = YES;
				CLANG_WARN_ENUM_CONVERSION = YES;
				CLANG_WARN_INFINITE_RECURSION = YES;
				CLANG_WARN_INT_CONVERSION = YES;
				CLANG_WARN_NON_LITERAL_NULL_CONVERSION = YES;
				CLANG_WARN_OBJC_LITERAL_CONVERSION = YES;
				CLANG_WARN_OBJC_ROOT_CLASS = YES_ERROR;
				CLANG_WARN_RANGE_LOOP_ANALYSIS = YES;
				CLANG_WARN_STRICT_PROTOTYPES = YES;
				CLANG_WARN_SUSPICIOUS_MOVE = YES;
				CLANG_WARN_UNREACHABLE_CODE = YES;
				CLANG_WARN__DUPLICATE_METHOD_MATCH = YES;
				"CODE_SIGN_IDENTITY[sdk=iphoneos*]" = "iPhone Developer";
				COPY_PHASE_STRIP = NO;
				DEBUG_INFORMATION_FORMAT = dwarf;
				ENABLE_STRICT_OBJC_MSGSEND = YES;
				ENABLE_TESTABILITY = YES;
				GCC_C_LANGUAGE_STANDARD = gnu99;
				GCC_DYNAMIC_NO_PIC = NO;
				GCC_NO_COMMON_BLOCKS = YES;
				GCC_OPTIMIZATION_LEVEL = 0;
				GCC_PREPROCESSOR_DEFINITIONS = (
					"DEBUG=1",
					"$(inherited)",
				);
				GCC_WARN_64_TO_32_BIT_CONVERSION = YES;
				GCC_WARN_ABOUT_RETURN_TYPE = YES_ERROR;
				GCC_WARN_UNDECLARED_SELECTOR = YES;
				GCC_WARN_UNINITIALIZED_AUTOS = YES_AGGRESSIVE;
				GCC_WARN_UNUSED_FUNCTION = YES;
				GCC_WARN_UNUSED_VARIABLE = YES;
				IPHONEOS_DEPLOYMENT_TARGET = 11.0;
				MTL_ENABLE_DEBUG_INFO = YES;
				ONLY_ACTIVE_ARCH = YES;
				SDKROOT = iphoneos;
				SWIFT_ACTIVE_COMPILATION_CONDITIONS = DEBUG;
				SWIFT_OPTIMIZATION_LEVEL = "-Onone";
			};
			name = Debug;
		};
		C01A53071F789F2D0020A83C /* Release */ = {
			isa = XCBuildConfiguration;
			buildSettings = {
				ALWAYS_SEARCH_USER_PATHS = NO;
				CLANG_ANALYZER_NONNULL = YES;
				CLANG_ANALYZER_NUMBER_OBJECT_CONVERSION = YES_AGGRESSIVE;
				CLANG_CXX_LANGUAGE_STANDARD = "gnu++0x";
				CLANG_CXX_LIBRARY = "libc++";
				CLANG_ENABLE_MODULES = YES;
				CLANG_ENABLE_OBJC_ARC = YES;
				CLANG_WARN_BLOCK_CAPTURE_AUTORELEASING = YES;
				CLANG_WARN_BOOL_CONVERSION = YES;
				CLANG_WARN_COMMA = YES;
				CLANG_WARN_CONSTANT_CONVERSION = YES;
				CLANG_WARN_DIRECT_OBJC_ISA_USAGE = YES_ERROR;
				CLANG_WARN_DOCUMENTATION_COMMENTS = YES;
				CLANG_WARN_EMPTY_BODY = YES;
				CLANG_WARN_ENUM_CONVERSION = YES;
				CLANG_WARN_INFINITE_RECURSION = YES;
				CLANG_WARN_INT_CONVERSION = YES;
				CLANG_WARN_NON_LITERAL_NULL_CONVERSION = YES;
				CLANG_WARN_OBJC_LITERAL_CONVERSION = YES;
				CLANG_WARN_OBJC_ROOT_CLASS = YES_ERROR;
				CLANG_WARN_RANGE_LOOP_ANALYSIS = YES;
				CLANG_WARN_STRICT_PROTOTYPES = YES;
				CLANG_WARN_SUSPICIOUS_MOVE = YES;
				CLANG_WARN_UNREACHABLE_CODE = YES;
				CLANG_WARN__DUPLICATE_METHOD_MATCH = YES;
				"CODE_SIGN_IDENTITY[sdk=iphoneos*]" = "iPhone Developer";
				COPY_PHASE_STRIP = NO;
				DEBUG_INFORMATION_FORMAT = "dwarf-with-dsym";
				ENABLE_NS_ASSERTIONS = NO;
				ENABLE_STRICT_OBJC_MSGSEND = YES;
				GCC_C_LANGUAGE_STANDARD = gnu99;
				GCC_NO_COMMON_BLOCKS = YES;
				GCC_WARN_64_TO_32_BIT_CONVERSION = YES;
				GCC_WARN_ABOUT_RETURN_TYPE = YES_ERROR;
				GCC_WARN_UNDECLARED_SELECTOR = YES;
				GCC_WARN_UNINITIALIZED_AUTOS = YES_AGGRESSIVE;
				GCC_WARN_UNUSED_FUNCTION = YES;
				GCC_WARN_UNUSED_VARIABLE = YES;
				IPHONEOS_DEPLOYMENT_TARGET = 11.0;
				MTL_ENABLE_DEBUG_INFO = NO;
				SDKROOT = iphoneos;
				SWIFT_OPTIMIZATION_LEVEL = "-Owholemodule";
				VALIDATE_PRODUCT = YES;
			};
			name = Release;
		};
		C01A53091F789F2E0020A83C /* Debug */ = {
			isa = XCBuildConfiguration;
			buildSettings = {
				ASSETCATALOG_COMPILER_APPICON_NAME = AppIcon;
				DEVELOPMENT_TEAM = GD7J2EY34Y;
				INFOPLIST_FILE = SchoolCourseTable/Info.plist;
				LD_RUNPATH_SEARCH_PATHS = "$(inherited) @executable_path/Frameworks";
				PRODUCT_BUNDLE_IDENTIFIER = wz.liguiyan.partrick.SchoolCourseTable;
				PRODUCT_NAME = "$(TARGET_NAME)";
				SWIFT_SWIFT3_OBJC_INFERENCE = Off;
				SWIFT_VERSION = 4.0;
			};
			name = Debug;
		};
		C01A530A1F789F2E0020A83C /* Release */ = {
			isa = XCBuildConfiguration;
			buildSettings = {
				ASSETCATALOG_COMPILER_APPICON_NAME = AppIcon;
				DEVELOPMENT_TEAM = GD7J2EY34Y;
				INFOPLIST_FILE = SchoolCourseTable/Info.plist;
				LD_RUNPATH_SEARCH_PATHS = "$(inherited) @executable_path/Frameworks";
				PRODUCT_BUNDLE_IDENTIFIER = wz.liguiyan.partrick.SchoolCourseTable;
				PRODUCT_NAME = "$(TARGET_NAME)";
				SWIFT_SWIFT3_OBJC_INFERENCE = Off;
				SWIFT_VERSION = 4.0;
			};
			name = Release;
		};
/* End XCBuildConfiguration section */

/* Begin XCConfigurationList section */
		C01A52EF1F789F2D0020A83C /* Build configuration list for PBXProject "SchoolCourseTable" */ = {
			isa = XCConfigurationList;
			buildConfigurations = (
				C01A53061F789F2D0020A83C /* Debug */,
				C01A53071F789F2D0020A83C /* Release */,
			);
			defaultConfigurationIsVisible = 0;
			defaultConfigurationName = Release;
		};
		C01A53081F789F2E0020A83C /* Build configuration list for PBXNativeTarget "SchoolCourseTable" */ = {
			isa = XCConfigurationList;
			buildConfigurations = (
				C01A53091F789F2E0020A83C /* Debug */,
				C01A530A1F789F2E0020A83C /* Release */,
			);
			defaultConfigurationIsVisible = 0;
			defaultConfigurationName = Release;
		};
/* End XCConfigurationList section */
	};
	rootObject = C01A52EC1F789F2D0020A83C /* Project object */;
}
